github.com/shurcooL/githubv4 v0.0.0-20200627185320-e003124d66e4 h1:cjmR6xY0f89IwBYMSwUrkFs4/1+KKw30Df3SqT7nZ6Q=
github.com/shurcooL/githubv4 v0.0.0-20200627185320-e003124d66e4/go.mod h1:hAF0iLZy4td2EX+/8Tw+4nodhlMrwN3HupfaXj3zkGo=
github.com/shurcooL/graphql v0.0.0-20181231061246-d48a9a75455f h1:tygelZueB1EtXkPI6mQ4o9DQ0+FKW41hTbunoXZCTqk=
github.com/shurcooL/graphql v0.0.0-20181231061246-d48a9a75455f/go.mod h1:AuYgA5Kyo4c7HfUmvRGs/6rGlMMV/6B1bVnB9JxJEEg=
golang.org/x/net v0.0.0-20190108225652-1e06a53dbb7e h1:bRhVy7zSSasaqNksaRZiA5EEI+Ei4I1nO5Jh72wfHlg=
golang.org/x/net v0.0.0-20190108225652-1e06a53dbb7e/go.mod h1:mL1N/T3taQHkDXs73rZJwtUhF3w3ftmwwsq0BUmARs4=
golang.org/x/oauth2 v0.34.0 h1:hqK/t4AKgbqWkdkcAeI8XLmbK+4m4G5YeQRrmiotGlw=
golang.org/x/oauth2 v0.34.0/go.mod h1:lzm5WQJQwKZ3nwavOZ3IS5Aulzxi68dUSgRHujetwEA=
